
Microsoft Visual Studio Solution File, Format Version 12.00
# Visual Studio 14
VisualStudioVersion = 14.0.25420.1
MinimumVisualStudioVersion = 10.0.40219.1
Project("{FAE04EC0-301F-11D3-BF4B-00C04F79EFBC}") = "XamarinWebAPISample", "XamarinWebAPISample\XamarinWebAPISample\XamarinWebAPISample.csproj", "{B13CF7FF-5320-41CD-BD3D-F203AC94274A}"
EndProject
Project("{FAE04EC0-301F-11D3-BF4B-00C04F79EFBC}") = "XamarinWebAPISample.Droid", "XamarinWebAPISample\XamarinWebAPISample.Droid\XamarinWebAPISample.Droid.csproj", "{F8BB28ED-2C7B-4476-AFC8-F54155031E41}"
EndProject
Project("{FAE04EC0-301F-11D3-BF4B-00C04F79EFBC}") = "XamarinWebAPISample.iOS", "XamarinWebAPISample\XamarinWebAPISample.iOS\XamarinWebAPISample.iOS.csproj", "{6AB9BDC9-C144-4ECD-9D9E-1C4527C0097E}"
EndProject
Project("{FAE04EC0-301F-11D3-BF4B-00C04F79EFBC}") = "XamarinWebAPISample.WinPhone", "XamarinWebAPISample\XamarinWebAPISample.WinPhone\XamarinWebAPISample.WinPhone.csproj", "{2002975C-F78B-4AA8-AEF1-2205F80B3214}"
EndProject
Project("{FAE04EC0-301F-11D3-BF4B-00C04F79EFBC}") = "XamarinWebAPISample.UWP", "XamarinWebAPISample\XamarinWebAPISample.UWP\XamarinWebAPISample.UWP.csproj", "{949F2233-ECF4-4464-854C-A758419E156E}"
EndProject
Project("{FAE04EC0-301F-11D3-BF4B-00C04F79EFBC}") = "XamarinWebAPISample.Windows", "XamarinWebAPISample\XamarinWebAPISample.Windows\XamarinWebAPISample.Windows.csproj", "{F2A69C94-796A-49AC-8ECB-A178A904E11D}"
EndProject
Global
	GlobalSection(SolutionConfigurationPlatforms) = preSolution
		Ad-Hoc|Any CPU = Ad-Hoc|Any CPU
		Ad-Hoc|ARM = Ad-Hoc|ARM
		Ad-Hoc|iPhone = Ad-Hoc|iPhone
		Ad-Hoc|iPhoneSimulator = Ad-Hoc|iPhoneSimulator
		Ad-Hoc|x64 = Ad-Hoc|x64
		Ad-Hoc|x86 = Ad-Hoc|x86
		AppStore|Any CPU = AppStore|Any CPU
		AppStore|ARM = AppStore|ARM
		AppStore|iPhone = AppStore|iPhone
		AppStore|iPhoneSimulator = AppStore|iPhoneSimulator
		AppStore|x64 = AppStore|x64
		AppStore|x86 = AppStore|x86
		Debug|Any CPU = Debug|Any CPU
		Debug|ARM = Debug|ARM
		Debug|iPhone = Debug|iPhone
		Debug|iPhoneSimulator = Debug|iPhoneSimulator
		Debug|x64 = Debug|x64
		Debug|x86 = Debug|x86
		Release|Any CPU = Release|Any CPU
		Release|ARM = Release|ARM
		Release|iPhone = Release|iPhone
		Release|iPhoneSimulator = Release|iPhoneSimulator
		Release|x64 = Release|x64
		Release|x86 = Release|x86
	EndGlobalSection
	GlobalSection(ProjectConfigurationPlatforms) = postSolution
		{B13CF7FF-5320-41CD-BD3D-F203AC94274A}.Ad-Hoc|Any CPU.ActiveCfg = Release|Any CPU
		{B13CF7FF-5320-41CD-BD3D-F203AC94274A}.Ad-Hoc|Any CPU.Build.0 = Release|Any CPU
		{B13CF7FF-5320-41CD-BD3D-F203AC94274A}.Ad-Hoc|ARM.ActiveCfg = Release|Any CPU
		{B13CF7FF-5320-41CD-BD3D-F203AC94274A}.Ad-Hoc|ARM.Build.0 = Release|Any CPU
		{B13CF7FF-5320-41CD-BD3D-F203AC94274A}.Ad-Hoc|iPhone.ActiveCfg = Release|Any CPU
		{B13CF7FF-5320-41CD-BD3D-F203AC94274A}.Ad-Hoc|iPhone.Build.0 = Release|Any CPU
		{B13CF7FF-5320-41CD-BD3D-F203AC94274A}.Ad-Hoc|iPhoneSimulator.ActiveCfg = Release|Any CPU
		{B13CF7FF-5320-41CD-BD3D-F203AC94274A}.Ad-Hoc|iPhoneSimulator.Build.0 = Release|Any CPU
		{B13CF7FF-5320-41CD-BD3D-F203AC94274A}.Ad-Hoc|x64.ActiveCfg = Release|Any CPU
		{B13CF7FF-5320-41CD-BD3D-F203AC94274A}.Ad-Hoc|x64.Build.0 = Release|Any CPU
		{B13CF7FF-5320-41CD-BD3D-F203AC94274A}.Ad-Hoc|x86.ActiveCfg = Release|Any CPU
		{B13CF7FF-5320-41CD-BD3D-F203AC94274A}.Ad-Hoc|x86.Build.0 = Release|Any CPU
		{B13CF7FF-5320-41CD-BD3D-F203AC94274A}.AppStore|Any CPU.ActiveCfg = Release|Any CPU
		{B13CF7FF-5320-41CD-BD3D-F203AC94274A}.AppStore|Any CPU.Build.0 = Release|Any CPU
		{B13CF7FF-5320-41CD-BD3D-F203AC94274A}.AppStore|ARM.ActiveCfg = Release|Any CPU
		{B13CF7FF-5320-41CD-BD3D-F203AC94274A}.AppStore|ARM.Build.0 = Release|Any CPU
		{B13CF7FF-5320-41CD-BD3D-F203AC94274A}.AppStore|iPhone.ActiveCfg = Release|Any CPU
		{B13CF7FF-5320-41CD-BD3D-F203AC94274A}.AppStore|iPhone.Build.0 = Release|Any CPU
		{B13CF7FF-5320-41CD-BD3D-F203AC94274A}.AppStore|iPhoneSimulator.ActiveCfg = Release|Any CPU
		{B13CF7FF-5320-41CD-BD3D-F203AC94274A}.AppStore|iPhoneSimulator.Build.0 = Release|Any CPU
		{B13CF7FF-5320-41CD-BD3D-F203AC94274A}.AppStore|x64.ActiveCfg = Release|Any CPU
		{B13CF7FF-5320-41CD-BD3D-F203AC94274A}.AppStore|x64.Build.0 = Release|Any CPU
		{B13CF7FF-5320-41CD-BD3D-F203AC94274A}.AppStore|x86.ActiveCfg = Release|Any CPU
		{B13CF7FF-5320-41CD-BD3D-F203AC94274A}.AppStore|x86.Build.0 = Release|Any CPU
		{B13CF7FF-5320-41CD-BD3D-F203AC94274A}.Debug|Any CPU.ActiveCfg = Debug|Any CPU
		{B13CF7FF-5320-41CD-BD3D-F203AC94274A}.Debug|Any CPU.Build.0 = Debug|Any CPU
		{B13CF7FF-5320-41CD-BD3D-F203AC94274A}.Debug|ARM.ActiveCfg = Debug|Any CPU
		{B13CF7FF-5320-41CD-BD3D-F203AC94274A}.Debug|ARM.Build.0 = Debug|Any CPU
		{B13CF7FF-5320-41CD-BD3D-F203AC94274A}.Debug|iPhone.ActiveCfg = Debug|Any CPU
		{B13CF7FF-5320-41CD-BD3D-F203AC94274A}.Debug|iPhone.Build.0 = Debug|Any CPU
		{B13CF7FF-5320-41CD-BD3D-F203AC94274A}.Debug|iPhoneSimulator.ActiveCfg = Debug|Any CPU
		{B13CF7FF-5320-41CD-BD3D-F203AC94274A}.Debug|iPhoneSimulator.Build.0 = Debug|Any CPU
		{B13CF7FF-5320-41CD-BD3D-F203AC94274A}.Debug|x64.ActiveCfg = Debug|Any CPU
		{B13CF7FF-5320-41CD-BD3D-F203AC94274A}.Debug|x64.Build.0 = Debug|Any CPU
		{B13CF7FF-5320-41CD-BD3D-F203AC94274A}.Debug|x86.ActiveCfg = Debug|Any CPU
		{B13CF7FF-5320-41CD-BD3D-F203AC94274A}.Debug|x86.Build.0 = Debug|Any CPU
		{B13CF7FF-5320-41CD-BD3D-F203AC94274A}.Release|Any CPU.ActiveCfg = Release|Any CPU
		{B13CF7FF-5320-41CD-BD3D-F203AC94274A}.Release|Any CPU.Build.0 = Release|Any CPU
		{B13CF7FF-5320-41CD-BD3D-F203AC94274A}.Release|ARM.ActiveCfg = Release|Any CPU
		{B13CF7FF-5320-41CD-BD3D-F203AC94274A}.Release|ARM.Build.0 = Release|Any CPU
		{B13CF7FF-5320-41CD-BD3D-F203AC94274A}.Release|iPhone.ActiveCfg = Release|Any CPU
		{B13CF7FF-5320-41CD-BD3D-F203AC94274A}.Release|iPhone.Build.0 = Release|Any CPU
		{B13CF7FF-5320-41CD-BD3D-F203AC94274A}.Release|iPhoneSimulator.ActiveCfg = Release|Any CPU
		{B13CF7FF-5320-41CD-BD3D-F203AC94274A}.Release|iPhoneSimulator.Build.0 = Release|Any CPU
		{B13CF7FF-5320-41CD-BD3D-F203AC94274A}.Release|x64.ActiveCfg = Release|Any CPU
		{B13CF7FF-5320-41CD-BD3D-F203AC94274A}.Release|x64.Build.0 = Release|Any CPU
		{B13CF7FF-5320-41CD-BD3D-F203AC94274A}.Release|x86.ActiveCfg = Release|Any CPU
		{B13CF7FF-5320-41CD-BD3D-F203AC94274A}.Release|x86.Build.0 = Release|Any CPU
		{F8BB28ED-2C7B-4476-AFC8-F54155031E41}.Ad-Hoc|Any CPU.ActiveCfg = Release|Any CPU
		{F8BB28ED-2C7B-4476-AFC8-F54155031E41}.Ad-Hoc|Any CPU.Build.0 = Release|Any CPU
		{F8BB28ED-2C7B-4476-AFC8-F54155031E41}.Ad-Hoc|Any CPU.Deploy.0 = Release|Any CPU
		{F8BB28ED-2C7B-4476-AFC8-F54155031E41}.Ad-Hoc|ARM.ActiveCfg = Release|Any CPU
		{F8BB28ED-2C7B-4476-AFC8-F54155031E41}.Ad-Hoc|ARM.Build.0 = Release|Any CPU
		{F8BB28ED-2C7B-4476-AFC8-F54155031E41}.Ad-Hoc|ARM.Deploy.0 = Release|Any CPU
		{F8BB28ED-2C7B-4476-AFC8-F54155031E41}.Ad-Hoc|iPhone.ActiveCfg = Release|Any CPU
		{F8BB28ED-2C7B-4476-AFC8-F54155031E41}.Ad-Hoc|iPhone.Build.0 = Release|Any CPU
		{F8BB28ED-2C7B-4476-AFC8-F54155031E41}.Ad-Hoc|iPhone.Deploy.0 = Release|Any CPU
		{F8BB28ED-2C7B-4476-AFC8-F54155031E41}.Ad-Hoc|iPhoneSimulator.ActiveCfg = Release|Any CPU
		{F8BB28ED-2C7B-4476-AFC8-F54155031E41}.Ad-Hoc|iPhoneSimulator.Build.0 = Release|Any CPU
		{F8BB28ED-2C7B-4476-AFC8-F54155031E41}.Ad-Hoc|iPhoneSimulator.Deploy.0 = Release|Any CPU
		{F8BB28ED-2C7B-4476-AFC8-F54155031E41}.Ad-Hoc|x64.ActiveCfg = Release|Any CPU
		{F8BB28ED-2C7B-4476-AFC8-F54155031E41}.Ad-Hoc|x64.Build.0 = Release|Any CPU
		{F8BB28ED-2C7B-4476-AFC8-F54155031E41}.Ad-Hoc|x64.Deploy.0 = Release|Any CPU
		{F8BB28ED-2C7B-4476-AFC8-F54155031E41}.Ad-Hoc|x86.ActiveCfg = Release|Any CPU
		{F8BB28ED-2C7B-4476-AFC8-F54155031E41}.Ad-Hoc|x86.Build.0 = Release|Any CPU
		{F8BB28ED-2C7B-4476-AFC8-F54155031E41}.Ad-Hoc|x86.Deploy.0 = Release|Any CPU
		{F8BB28ED-2C7B-4476-AFC8-F54155031E41}.AppStore|Any CPU.ActiveCfg = Release|Any CPU
		{F8BB28ED-2C7B-4476-AFC8-F54155031E41}.AppStore|Any CPU.Build.0 = Release|Any CPU
		{F8BB28ED-2C7B-4476-AFC8-F54155031E41}.AppStore|Any CPU.Deploy.0 = Release|Any CPU
		{F8BB28ED-2C7B-4476-AFC8-F54155031E41}.AppStore|ARM.ActiveCfg = Release|Any CPU
		{F8BB28ED-2C7B-4476-AFC8-F54155031E41}.AppStore|ARM.Build.0 = Release|Any CPU
		{F8BB28ED-2C7B-4476-AFC8-F54155031E41}.AppStore|ARM.Deploy.0 = Release|Any CPU
		{F8BB28ED-2C7B-4476-AFC8-F54155031E41}.AppStore|iPhone.ActiveCfg = Release|Any CPU
		{F8BB28ED-2C7B-4476-AFC8-F54155031E41}.AppStore|iPhone.Build.0 = Release|Any CPU
		{F8BB28ED-2C7B-4476-AFC8-F54155031E41}.AppStore|iPhone.Deploy.0 = Release|Any CPU
		{F8BB28ED-2C7B-4476-AFC8-F54155031E41}.AppStore|iPhoneSimulator.ActiveCfg = Release|Any CPU
		{F8BB28ED-2C7B-4476-AFC8-F54155031E41}.AppStore|iPhoneSimulator.Build.0 = Release|Any CPU
		{F8BB28ED-2C7B-4476-AFC8-F54155031E41}.AppStore|iPhoneSimulator.Deploy.0 = Release|Any CPU
		{F8BB28ED-2C7B-4476-AFC8-F54155031E41}.AppStore|x64.ActiveCfg = Release|Any CPU
		{F8BB28ED-2C7B-4476-AFC8-F54155031E41}.AppStore|x64.Build.0 = Release|Any CPU
		{F8BB28ED-2C7B-4476-AFC8-F54155031E41}.AppStore|x64.Deploy.0 = Release|Any CPU
		{F8BB28ED-2C7B-4476-AFC8-F54155031E41}.AppStore|x86.ActiveCfg = Release|Any CPU
		{F8BB28ED-2C7B-4476-AFC8-F54155031E41}.AppStore|x86.Build.0 = Release|Any CPU
		{F8BB28ED-2C7B-4476-AFC8-F54155031E41}.AppStore|x86.Deploy.0 = Release|Any CPU
		{F8BB28ED-2C7B-4476-AFC8-F54155031E41}.Debug|Any CPU.ActiveCfg = Debug|Any CPU
		{F8BB28ED-2C7B-4476-AFC8-F54155031E41}.Debug|Any CPU.Build.0 = Debug|Any CPU
		{F8BB28ED-2C7B-4476-AFC8-F54155031E41}.Debug|Any CPU.Deploy.0 = Debug|Any CPU
		{F8BB28ED-2C7B-4476-AFC8-F54155031E41}.Debug|ARM.ActiveCfg = Debug|Any CPU
		{F8BB28ED-2C7B-4476-AFC8-F54155031E41}.Debug|ARM.Build.0 = Debug|Any CPU
		{F8BB28ED-2C7B-4476-AFC8-F54155031E41}.Debug|ARM.Deploy.0 = Debug|Any CPU
		{F8BB28ED-2C7B-4476-AFC8-F54155031E41}.Debug|iPhone.ActiveCfg = Debug|Any CPU
		{F8BB28ED-2C7B-4476-AFC8-F54155031E41}.Debug|iPhone.Build.0 = Debug|Any CPU
		{F8BB28ED-2C7B-4476-AFC8-F54155031E41}.Debug|iPhone.Deploy.0 = Debug|Any CPU
		{F8BB28ED-2C7B-4476-AFC8-F54155031E41}.Debug|iPhoneSimulator.ActiveCfg = Debug|Any CPU
		{F8BB28ED-2C7B-4476-AFC8-F54155031E41}.Debug|iPhoneSimulator.Build.0 = Debug|Any CPU
		{F8BB28ED-2C7B-4476-AFC8-F54155031E41}.Debug|iPhoneSimulator.Deploy.0 = Debug|Any CPU
		{F8BB28ED-2C7B-4476-AFC8-F54155031E41}.Debug|x64.ActiveCfg = Debug|Any CPU
		{F8BB28ED-2C7B-4476-AFC8-F54155031E41}.Debug|x64.Build.0 = Debug|Any CPU
		{F8BB28ED-2C7B-4476-AFC8-F54155031E41}.Debug|x64.Deploy.0 = Debug|Any CPU
		{F8BB28ED-2C7B-4476-AFC8-F54155031E41}.Debug|x86.ActiveCfg = Debug|Any CPU
		{F8BB28ED-2C7B-4476-AFC8-F54155031E41}.Debug|x86.Build.0 = Debug|Any CPU
		{F8BB28ED-2C7B-4476-AFC8-F54155031E41}.Debug|x86.Deploy.0 = Debug|Any CPU
		{F8BB28ED-2C7B-4476-AFC8-F54155031E41}.Release|Any CPU.ActiveCfg = Release|Any CPU
		{F8BB28ED-2C7B-4476-AFC8-F54155031E41}.Release|Any CPU.Build.0 = Release|Any CPU
		{F8BB28ED-2C7B-4476-AFC8-F54155031E41}.Release|Any CPU.Deploy.0 = Release|Any CPU
		{F8BB28ED-2C7B-4476-AFC8-F54155031E41}.Release|ARM.ActiveCfg = Release|Any CPU
		{F8BB28ED-2C7B-4476-AFC8-F54155031E41}.Release|ARM.Build.0 = Release|Any CPU
		{F8BB28ED-2C7B-4476-AFC8-F54155031E41}.Release|ARM.Deploy.0 = Release|Any CPU
		{F8BB28ED-2C7B-4476-AFC8-F54155031E41}.Release|iPhone.ActiveCfg = Release|Any CPU
		{F8BB28ED-2C7B-4476-AFC8-F54155031E41}.Release|iPhone.Build.0 = Release|Any CPU
		{F8BB28ED-2C7B-4476-AFC8-F54155031E41}.Release|iPhone.Deploy.0 = Release|Any CPU
		{F8BB28ED-2C7B-4476-AFC8-F54155031E41}.Release|iPhoneSimulator.ActiveCfg = Release|Any CPU
		{F8BB28ED-2C7B-4476-AFC8-F54155031E41}.Release|iPhoneSimulator.Build.0 = Release|Any CPU
		{F8BB28ED-2C7B-4476-AFC8-F54155031E41}.Release|iPhoneSimulator.Deploy.0 = Release|Any CPU
		{F8BB28ED-2C7B-4476-AFC8-F54155031E41}.Release|x64.ActiveCfg = Release|Any CPU
		{F8BB28ED-2C7B-4476-AFC8-F54155031E41}.Release|x64.Build.0 = Release|Any CPU
		{F8BB28ED-2C7B-4476-AFC8-F54155031E41}.Release|x64.Deploy.0 = Release|Any CPU
		{F8BB28ED-2C7B-4476-AFC8-F54155031E41}.Release|x86.ActiveCfg = Release|Any CPU
		{F8BB28ED-2C7B-4476-AFC8-F54155031E41}.Release|x86.Build.0 = Release|Any CPU
		{F8BB28ED-2C7B-4476-AFC8-F54155031E41}.Release|x86.Deploy.0 = Release|Any CPU
		{6AB9BDC9-C144-4ECD-9D9E-1C4527C0097E}.Ad-Hoc|Any CPU.ActiveCfg = Ad-Hoc|iPhone
		{6AB9BDC9-C144-4ECD-9D9E-1C4527C0097E}.Ad-Hoc|ARM.ActiveCfg = Ad-Hoc|iPhone
		{6AB9BDC9-C144-4ECD-9D9E-1C4527C0097E}.Ad-Hoc|iPhone.ActiveCfg = Ad-Hoc|iPhone
		{6AB9BDC9-C144-4ECD-9D9E-1C4527C0097E}.Ad-Hoc|iPhone.Build.0 = Ad-Hoc|iPhone
		{6AB9BDC9-C144-4ECD-9D9E-1C4527C0097E}.Ad-Hoc|iPhoneSimulator.ActiveCfg = Ad-Hoc|iPhoneSimulator
		{6AB9BDC9-C144-4ECD-9D9E-1C4527C0097E}.Ad-Hoc|iPhoneSimulator.Build.0 = Ad-Hoc|iPhoneSimulator
		{6AB9BDC9-C144-4ECD-9D9E-1C4527C0097E}.Ad-Hoc|x64.ActiveCfg = Ad-Hoc|iPhone
		{6AB9BDC9-C144-4ECD-9D9E-1C4527C0097E}.Ad-Hoc|x86.ActiveCfg = Ad-Hoc|iPhone
		{6AB9BDC9-C144-4ECD-9D9E-1C4527C0097E}.AppStore|Any CPU.ActiveCfg = AppStore|iPhone
		{6AB9BDC9-C144-4ECD-9D9E-1C4527C0097E}.AppStore|ARM.ActiveCfg = AppStore|iPhone
		{6AB9BDC9-C144-4ECD-9D9E-1C4527C0097E}.AppStore|iPhone.ActiveCfg = AppStore|iPhone
		{6AB9BDC9-C144-4ECD-9D9E-1C4527C0097E}.AppStore|iPhone.Build.0 = AppStore|iPhone
		{6AB9BDC9-C144-4ECD-9D9E-1C4527C0097E}.AppStore|iPhoneSimulator.ActiveCfg = AppStore|iPhoneSimulator
		{6AB9BDC9-C144-4ECD-9D9E-1C4527C0097E}.AppStore|iPhoneSimulator.Build.0 = AppStore|iPhoneSimulator
		{6AB9BDC9-C144-4ECD-9D9E-1C4527C0097E}.AppStore|x64.ActiveCfg = AppStore|iPhone
		{6AB9BDC9-C144-4ECD-9D9E-1C4527C0097E}.AppStore|x86.ActiveCfg = AppStore|iPhone
		{6AB9BDC9-C144-4ECD-9D9E-1C4527C0097E}.Debug|Any CPU.ActiveCfg = Debug|iPhone
		{6AB9BDC9-C144-4ECD-9D9E-1C4527C0097E}.Debug|ARM.ActiveCfg = Debug|iPhone
		{6AB9BDC9-C144-4ECD-9D9E-1C4527C0097E}.Debug|iPhone.ActiveCfg = Debug|iPhone
		{6AB9BDC9-C144-4ECD-9D9E-1C4527C0097E}.Debug|iPhone.Build.0 = Debug|iPhone
		{6AB9BDC9-C144-4ECD-9D9E-1C4527C0097E}.Debug|iPhoneSimulator.ActiveCfg = Debug|iPhoneSimulator
		{6AB9BDC9-C144-4ECD-9D9E-1C4527C0097E}.Debug|iPhoneSimulator.Build.0 = Debug|iPhoneSimulator
		{6AB9BDC9-C144-4ECD-9D9E-1C4527C0097E}.Debug|x64.ActiveCfg = Debug|iPhone
		{6AB9BDC9-C144-4ECD-9D9E-1C4527C0097E}.Debug|x86.ActiveCfg = Debug|iPhone
		{6AB9BDC9-C144-4ECD-9D9E-1C4527C0097E}.Release|Any CPU.ActiveCfg = Release|iPhone
		{6AB9BDC9-C144-4ECD-9D9E-1C4527C0097E}.Release|ARM.ActiveCfg = Release|iPhone
		{6AB9BDC9-C144-4ECD-9D9E-1C4527C0097E}.Release|iPhone.ActiveCfg = Release|iPhone
		{6AB9BDC9-C144-4ECD-9D9E-1C4527C0097E}.Release|iPhone.Build.0 = Release|iPhone
		{6AB9BDC9-C144-4ECD-9D9E-1C4527C0097E}.Release|iPhoneSimulator.ActiveCfg = Release|iPhoneSimulator
		{6AB9BDC9-C144-4ECD-9D9E-1C4527C0097E}.Release|iPhoneSimulator.Build.0 = Release|iPhoneSimulator
		{6AB9BDC9-C144-4ECD-9D9E-1C4527C0097E}.Release|x64.ActiveCfg = Release|iPhone
		{6AB9BDC9-C144-4ECD-9D9E-1C4527C0097E}.Release|x86.ActiveCfg = Release|iPhone
		{2002975C-F78B-4AA8-AEF1-2205F80B3214}.Ad-Hoc|Any CPU.ActiveCfg = Release|Any CPU
		{2002975C-F78B-4AA8-AEF1-2205F80B3214}.Ad-Hoc|Any CPU.Build.0 = Release|Any CPU
		{2002975C-F78B-4AA8-AEF1-2205F80B3214}.Ad-Hoc|Any CPU.Deploy.0 = Release|Any CPU
		{2002975C-F78B-4AA8-AEF1-2205F80B3214}.Ad-Hoc|ARM.ActiveCfg = Release|ARM
		{2002975C-F78B-4AA8-AEF1-2205F80B3214}.Ad-Hoc|ARM.Build.0 = Release|ARM
		{2002975C-F78B-4AA8-AEF1-2205F80B3214}.Ad-Hoc|ARM.Deploy.0 = Release|ARM
		{2002975C-F78B-4AA8-AEF1-2205F80B3214}.Ad-Hoc|iPhone.ActiveCfg = Release|Any CPU
		{2002975C-F78B-4AA8-AEF1-2205F80B3214}.Ad-Hoc|iPhone.Build.0 = Release|Any CPU
		{2002975C-F78B-4AA8-AEF1-2205F80B3214}.Ad-Hoc|iPhone.Deploy.0 = Release|Any CPU
		{2002975C-F78B-4AA8-AEF1-2205F80B3214}.Ad-Hoc|iPhoneSimulator.ActiveCfg = Release|Any CPU
		{2002975C-F78B-4AA8-AEF1-2205F80B3214}.Ad-Hoc|iPhoneSimulator.Build.0 = Release|Any CPU
		{2002975C-F78B-4AA8-AEF1-2205F80B3214}.Ad-Hoc|iPhoneSimulator.Deploy.0 = Release|Any CPU
		{2002975C-F78B-4AA8-AEF1-2205F80B3214}.Ad-Hoc|x64.ActiveCfg = Release|Any CPU
		{2002975C-F78B-4AA8-AEF1-2205F80B3214}.Ad-Hoc|x64.Build.0 = Release|Any CPU
		{2002975C-F78B-4AA8-AEF1-2205F80B3214}.Ad-Hoc|x64.Deploy.0 = Release|Any CPU
		{2002975C-F78B-4AA8-AEF1-2205F80B3214}.Ad-Hoc|x86.ActiveCfg = Release|x86
		{2002975C-F78B-4AA8-AEF1-2205F80B3214}.Ad-Hoc|x86.Build.0 = Release|x86
		{2002975C-F78B-4AA8-AEF1-2205F80B3214}.Ad-Hoc|x86.Deploy.0 = Release|x86
		{2002975C-F78B-4AA8-AEF1-2205F80B3214}.AppStore|Any CPU.ActiveCfg = Release|Any CPU
		{2002975C-F78B-4AA8-AEF1-2205F80B3214}.AppStore|Any CPU.Build.0 = Release|Any CPU
		{2002975C-F78B-4AA8-AEF1-2205F80B3214}.AppStore|Any CPU.Deploy.0 = Release|Any CPU
		{2002975C-F78B-4AA8-AEF1-2205F80B3214}.AppStore|ARM.ActiveCfg = Release|ARM
		{2002975C-F78B-4AA8-AEF1-2205F80B3214}.AppStore|ARM.Build.0 = Release|ARM
		{2002975C-F78B-4AA8-AEF1-2205F80B3214}.AppStore|ARM.Deploy.0 = Release|ARM
		{2002975C-F78B-4AA8-AEF1-2205F80B3214}.AppStore|iPhone.ActiveCfg = Release|Any CPU
		{2002975C-F78B-4AA8-AEF1-2205F80B3214}.AppStore|iPhone.Build.0 = Release|Any CPU
		{2002975C-F78B-4AA8-AEF1-2205F80B3214}.AppStore|iPhone.Deploy.0 = Release|Any CPU
		{2002975C-F78B-4AA8-AEF1-2205F80B3214}.AppStore|iPhoneSimulator.ActiveCfg = Release|Any CPU
		{2002975C-F78B-4AA8-AEF1-2205F80B3214}.AppStore|iPhoneSimulator.Build.0 = Release|Any CPU
		{2002975C-F78B-4AA8-AEF1-2205F80B3214}.AppStore|iPhoneSimulator.Deploy.0 = Release|Any CPU
		{2002975C-F78B-4AA8-AEF1-2205F80B3214}.AppStore|x64.ActiveCfg = Release|Any CPU
		{2002975C-F78B-4AA8-AEF1-2205F80B3214}.AppStore|x64.Build.0 = Release|Any CPU
		{2002975C-F78B-4AA8-AEF1-2205F80B3214}.AppStore|x64.Deploy.0 = Release|Any CPU
		{2002975C-F78B-4AA8-AEF1-2205F80B3214}.AppStore|x86.ActiveCfg = Release|x86
		{2002975C-F78B-4AA8-AEF1-2205F80B3214}.AppStore|x86.Build.0 = Release|x86
		{2002975C-F78B-4AA8-AEF1-2205F80B3214}.AppStore|x86.Deploy.0 = Release|x86
		{2002975C-F78B-4AA8-AEF1-2205F80B3214}.Debug|Any CPU.ActiveCfg = Debug|Any CPU
		{2002975C-F78B-4AA8-AEF1-2205F80B3214}.Debug|Any CPU.Build.0 = Debug|Any CPU
		{2002975C-F78B-4AA8-AEF1-2205F80B3214}.Debug|Any CPU.Deploy.0 = Debug|Any CPU
		{2002975C-F78B-4AA8-AEF1-2205F80B3214}.Debug|ARM.ActiveCfg = Debug|ARM
		{2002975C-F78B-4AA8-AEF1-2205F80B3214}.Debug|ARM.Build.0 = Debug|ARM
		{2002975C-F78B-4AA8-AEF1-2205F80B3214}.Debug|ARM.Deploy.0 = Debug|ARM
		{2002975C-F78B-4AA8-AEF1-2205F80B3214}.Debug|iPhone.ActiveCfg = Debug|Any CPU
		{2002975C-F78B-4AA8-AEF1-2205F80B3214}.Debug|iPhone.Build.0 = Debug|Any CPU
		{2002975C-F78B-4AA8-AEF1-2205F80B3214}.Debug|iPhone.Deploy.0 = Debug|Any CPU
		{2002975C-F78B-4AA8-AEF1-2205F80B3214}.Debug|iPhoneSimulator.ActiveCfg = Debug|Any CPU
		{2002975C-F78B-4AA8-AEF1-2205F80B3214}.Debug|iPhoneSimulator.Build.0 = Debug|Any CPU
		{2002975C-F78B-4AA8-AEF1-2205F80B3214}.Debug|iPhoneSimulator.Deploy.0 = Debug|Any CPU
		{2002975C-F78B-4AA8-AEF1-2205F80B3214}.Debug|x64.ActiveCfg = Debug|Any CPU
		{2002975C-F78B-4AA8-AEF1-2205F80B3214}.Debug|x64.Build.0 = Debug|Any CPU
		{2002975C-F78B-4AA8-AEF1-2205F80B3214}.Debug|x64.Deploy.0 = Debug|Any CPU
		{2002975C-F78B-4AA8-AEF1-2205F80B3214}.Debug|x86.ActiveCfg = Debug|x86
		{2002975C-F78B-4AA8-AEF1-2205F80B3214}.Debug|x86.Build.0 = Debug|x86
		{2002975C-F78B-4AA8-AEF1-2205F80B3214}.Debug|x86.Deploy.0 = Debug|x86
		{2002975C-F78B-4AA8-AEF1-2205F80B3214}.Release|Any CPU.ActiveCfg = Release|Any CPU
		{2002975C-F78B-4AA8-AEF1-2205F80B3214}.Release|Any CPU.Build.0 = Release|Any CPU
		{2002975C-F78B-4AA8-AEF1-2205F80B3214}.Release|Any CPU.Deploy.0 = Release|Any CPU
		{2002975C-F78B-4AA8-AEF1-2205F80B3214}.Release|ARM.ActiveCfg = Release|ARM
		{2002975C-F78B-4AA8-AEF1-2205F80B3214}.Release|ARM.Build.0 = Release|ARM
		{2002975C-F78B-4AA8-AEF1-2205F80B3214}.Release|ARM.Deploy.0 = Release|ARM
		{2002975C-F78B-4AA8-AEF1-2205F80B3214}.Release|iPhone.ActiveCfg = Release|Any CPU
		{2002975C-F78B-4AA8-AEF1-2205F80B3214}.Release|iPhone.Build.0 = Release|Any CPU
		{2002975C-F78B-4AA8-AEF1-2205F80B3214}.Release|iPhone.Deploy.0 = Release|Any CPU
		{2002975C-F78B-4AA8-AEF1-2205F80B3214}.Release|iPhoneSimulator.ActiveCfg = Release|Any CPU
		{2002975C-F78B-4AA8-AEF1-2205F80B3214}.Release|iPhoneSimulator.Build.0 = Release|Any CPU
		{2002975C-F78B-4AA8-AEF1-2205F80B3214}.Release|iPhoneSimulator.Deploy.0 = Release|Any CPU
		{2002975C-F78B-4AA8-AEF1-2205F80B3214}.Release|x64.ActiveCfg = Release|Any CPU
		{2002975C-F78B-4AA8-AEF1-2205F80B3214}.Release|x64.Build.0 = Release|Any CPU
		{2002975C-F78B-4AA8-AEF1-2205F80B3214}.Release|x64.Deploy.0 = Release|Any CPU
		{2002975C-F78B-4AA8-AEF1-2205F80B3214}.Release|x86.ActiveCfg = Release|x86
		{2002975C-F78B-4AA8-AEF1-2205F80B3214}.Release|x86.Build.0 = Release|x86
		{2002975C-F78B-4AA8-AEF1-2205F80B3214}.Release|x86.Deploy.0 = Release|x86
		{949F2233-ECF4-4464-854C-A758419E156E}.Ad-Hoc|Any CPU.ActiveCfg = Release|x86
		{949F2233-ECF4-4464-854C-A758419E156E}.Ad-Hoc|Any CPU.Build.0 = Release|x86
		{949F2233-ECF4-4464-854C-A758419E156E}.Ad-Hoc|Any CPU.Deploy.0 = Release|x86
		{949F2233-ECF4-4464-854C-A758419E156E}.Ad-Hoc|ARM.ActiveCfg = Release|ARM
		{949F2233-ECF4-4464-854C-A758419E156E}.Ad-Hoc|ARM.Build.0 = Release|ARM
		{949F2233-ECF4-4464-854C-A758419E156E}.Ad-Hoc|ARM.Deploy.0 = Release|ARM
		{949F2233-ECF4-4464-854C-A758419E156E}.Ad-Hoc|iPhone.ActiveCfg = Release|x86
		{949F2233-ECF4-4464-854C-A758419E156E}.Ad-Hoc|iPhone.Build.0 = Release|x86
		{949F2233-ECF4-4464-854C-A758419E156E}.Ad-Hoc|iPhone.Deploy.0 = Release|x86
		{949F2233-ECF4-4464-854C-A758419E156E}.Ad-Hoc|iPhoneSimulator.ActiveCfg = Release|x86
		{949F2233-ECF4-4464-854C-A758419E156E}.Ad-Hoc|iPhoneSimulator.Build.0 = Release|x86
		{949F2233-ECF4-4464-854C-A758419E156E}.Ad-Hoc|iPhoneSimulator.Deploy.0 = Release|x86
		{949F2233-ECF4-4464-854C-A758419E156E}.Ad-Hoc|x64.ActiveCfg = Release|x64
		{949F2233-ECF4-4464-854C-A758419E156E}.Ad-Hoc|x64.Build.0 = Release|x64
		{949F2233-ECF4-4464-854C-A758419E156E}.Ad-Hoc|x64.Deploy.0 = Release|x64
		{949F2233-ECF4-4464-854C-A758419E156E}.Ad-Hoc|x86.ActiveCfg = Release|x86
		{949F2233-ECF4-4464-854C-A758419E156E}.Ad-Hoc|x86.Build.0 = Release|x86
		{949F2233-ECF4-4464-854C-A758419E156E}.Ad-Hoc|x86.Deploy.0 = Release|x86
		{949F2233-ECF4-4464-854C-A758419E156E}.AppStore|Any CPU.ActiveCfg = Release|x86
		{949F2233-ECF4-4464-854C-A758419E156E}.AppStore|Any CPU.Build.0 = Release|x86
		{949F2233-ECF4-4464-854C-A758419E156E}.AppStore|Any CPU.Deploy.0 = Release|x86
		{949F2233-ECF4-4464-854C-A758419E156E}.AppStore|ARM.ActiveCfg = Release|ARM
		{949F2233-ECF4-4464-854C-A758419E156E}.AppStore|ARM.Build.0 = Release|ARM
		{949F2233-ECF4-4464-854C-A758419E156E}.AppStore|ARM.Deploy.0 = Release|ARM
		{949F2233-ECF4-4464-854C-A758419E156E}.AppStore|iPhone.ActiveCfg = Release|x86
		{949F2233-ECF4-4464-854C-A758419E156E}.AppStore|iPhone.Build.0 = Release|x86
		{949F2233-ECF4-4464-854C-A758419E156E}.AppStore|iPhone.Deploy.0 = Release|x86
		{949F2233-ECF4-4464-854C-A758419E156E}.AppStore|iPhoneSimulator.ActiveCfg = Release|x86
		{949F2233-ECF4-4464-854C-A758419E156E}.AppStore|iPhoneSimulator.Build.0 = Release|x86
		{949F2233-ECF4-4464-854C-A758419E156E}.AppStore|iPhoneSimulator.Deploy.0 = Release|x86
		{949F2233-ECF4-4464-854C-A758419E156E}.AppStore|x64.ActiveCfg = Release|x64
		{949F2233-ECF4-4464-854C-A758419E156E}.AppStore|x64.Build.0 = Release|x64
		{949F2233-ECF4-4464-854C-A758419E156E}.AppStore|x64.Deploy.0 = Release|x64
		{949F2233-ECF4-4464-854C-A758419E156E}.AppStore|x86.ActiveCfg = Release|x86
		{949F2233-ECF4-4464-854C-A758419E156E}.AppStore|x86.Build.0 = Release|x86
		{949F2233-ECF4-4464-854C-A758419E156E}.AppStore|x86.Deploy.0 = Release|x86
		{949F2233-ECF4-4464-854C-A758419E156E}.Debug|Any CPU.ActiveCfg = Debug|x86
		{949F2233-ECF4-4464-854C-A758419E156E}.Debug|ARM.ActiveCfg = Debug|ARM
		{949F2233-ECF4-4464-854C-A758419E156E}.Debug|ARM.Build.0 = Debug|ARM
		{949F2233-ECF4-4464-854C-A758419E156E}.Debug|ARM.Deploy.0 = Debug|ARM
		{949F2233-ECF4-4464-854C-A758419E156E}.Debug|iPhone.ActiveCfg = Debug|x86
		{949F2233-ECF4-4464-854C-A758419E156E}.Debug|iPhoneSimulator.ActiveCfg = Debug|x86
		{949F2233-ECF4-4464-854C-A758419E156E}.Debug|x64.ActiveCfg = Debug|x64
		{949F2233-ECF4-4464-854C-A758419E156E}.Debug|x64.Build.0 = Debug|x64
		{949F2233-ECF4-4464-854C-A758419E156E}.Debug|x64.Deploy.0 = Debug|x64
		{949F2233-ECF4-4464-854C-A758419E156E}.Debug|x86.ActiveCfg = Debug|x86
		{949F2233-ECF4-4464-854C-A758419E156E}.Debug|x86.Build.0 = Debug|x86
		{949F2233-ECF4-4464-854C-A758419E156E}.Debug|x86.Deploy.0 = Debug|x86
		{949F2233-ECF4-4464-854C-A758419E156E}.Release|Any CPU.ActiveCfg = Release|x86
		{949F2233-ECF4-4464-854C-A758419E156E}.Release|ARM.ActiveCfg = Release|ARM
		{949F2233-ECF4-4464-854C-A758419E156E}.Release|ARM.Build.0 = Release|ARM
		{949F2233-ECF4-4464-854C-A758419E156E}.Release|ARM.Deploy.0 = Release|ARM
		{949F2233-ECF4-4464-854C-A758419E156E}.Release|iPhone.ActiveCfg = Release|x86
		{949F2233-ECF4-4464-854C-A758419E156E}.Release|iPhoneSimulator.ActiveCfg = Release|x86
		{949F2233-ECF4-4464-854C-A758419E156E}.Release|x64.ActiveCfg = Release|x64
		{949F2233-ECF4-4464-854C-A758419E156E}.Release|x64.Build.0 = Release|x64
		{949F2233-ECF4-4464-854C-A758419E156E}.Release|x64.Deploy.0 = Release|x64
		{949F2233-ECF4-4464-854C-A758419E156E}.Release|x86.ActiveCfg = Release|x86
		{949F2233-ECF4-4464-854C-A758419E156E}.Release|x86.Build.0 = Release|x86
		{949F2233-ECF4-4464-854C-A758419E156E}.Release|x86.Deploy.0 = Release|x86
		{F2A69C94-796A-49AC-8ECB-A178A904E11D}.Ad-Hoc|Any CPU.ActiveCfg = Release|Any CPU
		{F2A69C94-796A-49AC-8ECB-A178A904E11D}.Ad-Hoc|Any CPU.Build.0 = Release|Any CPU
		{F2A69C94-796A-49AC-8ECB-A178A904E11D}.Ad-Hoc|Any CPU.Deploy.0 = Release|Any CPU
		{F2A69C94-796A-49AC-8ECB-A178A904E11D}.Ad-Hoc|ARM.ActiveCfg = Release|ARM
		{F2A69C94-796A-49AC-8ECB-A178A904E11D}.Ad-Hoc|ARM.Build.0 = Release|ARM
		{F2A69C94-796A-49AC-8ECB-A178A904E11D}.Ad-Hoc|ARM.Deploy.0 = Release|ARM
		{F2A69C94-796A-49AC-8ECB-A178A904E11D}.Ad-Hoc|iPhone.ActiveCfg = Release|Any CPU
		{F2A69C94-796A-49AC-8ECB-A178A904E11D}.Ad-Hoc|iPhone.Build.0 = Release|Any CPU
		{F2A69C94-796A-49AC-8ECB-A178A904E11D}.Ad-Hoc|iPhone.Deploy.0 = Release|Any CPU
		{F2A69C94-796A-49AC-8ECB-A178A904E11D}.Ad-Hoc|iPhoneSimulator.ActiveCfg = Release|Any CPU
		{F2A69C94-796A-49AC-8ECB-A178A904E11D}.Ad-Hoc|iPhoneSimulator.Build.0 = Release|Any CPU
		{F2A69C94-796A-49AC-8ECB-A178A904E11D}.Ad-Hoc|iPhoneSimulator.Deploy.0 = Release|Any CPU
		{F2A69C94-796A-49AC-8ECB-A178A904E11D}.Ad-Hoc|x64.ActiveCfg = Release|x64
		{F2A69C94-796A-49AC-8ECB-A178A904E11D}.Ad-Hoc|x64.Build.0 = Release|x64
		{F2A69C94-796A-49AC-8ECB-A178A904E11D}.Ad-Hoc|x64.Deploy.0 = Release|x64
		{F2A69C94-796A-49AC-8ECB-A178A904E11D}.Ad-Hoc|x86.ActiveCfg = Release|x86
		{F2A69C94-796A-49AC-8ECB-A178A904E11D}.Ad-Hoc|x86.Build.0 = Release|x86
		{F2A69C94-796A-49AC-8ECB-A178A904E11D}.Ad-Hoc|x86.Deploy.0 = Release|x86
		{F2A69C94-796A-49AC-8ECB-A178A904E11D}.AppStore|Any CPU.ActiveCfg = Release|Any CPU
		{F2A69C94-796A-49AC-8ECB-A178A904E11D}.AppStore|Any CPU.Build.0 = Release|Any CPU
		{F2A69C94-796A-49AC-8ECB-A178A904E11D}.AppStore|Any CPU.Deploy.0 = Release|Any CPU
		{F2A69C94-796A-49AC-8ECB-A178A904E11D}.AppStore|ARM.ActiveCfg = Release|ARM
		{F2A69C94-796A-49AC-8ECB-A178A904E11D}.AppStore|ARM.Build.0 = Release|ARM
		{F2A69C94-796A-49AC-8ECB-A178A904E11D}.AppStore|ARM.Deploy.0 = Release|ARM
		{F2A69C94-796A-49AC-8ECB-A178A904E11D}.AppStore|iPhone.ActiveCfg = Release|Any CPU
		{F2A69C94-796A-49AC-8ECB-A178A904E11D}.AppStore|iPhone.Build.0 = Release|Any CPU
		{F2A69C94-796A-49AC-8ECB-A178A904E11D}.AppStore|iPhone.Deploy.0 = Release|Any CPU
		{F2A69C94-796A-49AC-8ECB-A178A904E11D}.AppStore|iPhoneSimulator.ActiveCfg = Release|Any CPU
		{F2A69C94-796A-49AC-8ECB-A178A904E11D}.AppStore|iPhoneSimulator.Build.0 = Release|Any CPU
		{F2A69C94-796A-49AC-8ECB-A178A904E11D}.AppStore|iPhoneSimulator.Deploy.0 = Release|Any CPU
		{F2A69C94-796A-49AC-8ECB-A178A904E11D}.AppStore|x64.ActiveCfg = Release|x64
		{F2A69C94-796A-49AC-8ECB-A178A904E11D}.AppStore|x64.Build.0 = Release|x64
		{F2A69C94-796A-49AC-8ECB-A178A904E11D}.AppStore|x64.Deploy.0 = Release|x64
		{F2A69C94-796A-49AC-8ECB-A178A904E11D}.AppStore|x86.ActiveCfg = Release|x86
		{F2A69C94-796A-49AC-8ECB-A178A904E11D}.AppStore|x86.Build.0 = Release|x86
		{F2A69C94-796A-49AC-8ECB-A178A904E11D}.AppStore|x86.Deploy.0 = Release|x86
		{F2A69C94-796A-49AC-8ECB-A178A904E11D}.Debug|Any CPU.ActiveCfg = Debug|Any CPU
		{F2A69C94-796A-49AC-8ECB-A178A904E11D}.Debug|Any CPU.Build.0 = Debug|Any CPU
		{F2A69C94-796A-49AC-8ECB-A178A904E11D}.Debug|Any CPU.Deploy.0 = Debug|Any CPU
		{F2A69C94-796A-49AC-8ECB-A178A904E11D}.Debug|ARM.ActiveCfg = Debug|ARM
		{F2A69C94-796A-49AC-8ECB-A178A904E11D}.Debug|ARM.Build.0 = Debug|ARM
		{F2A69C94-796A-49AC-8ECB-A178A904E11D}.Debug|ARM.Deploy.0 = Debug|ARM
		{F2A69C94-796A-49AC-8ECB-A178A904E11D}.Debug|iPhone.ActiveCfg = Debug|Any CPU
		{F2A69C94-796A-49AC-8ECB-A178A904E11D}.Debug|iPhone.Build.0 = Debug|Any CPU
		{F2A69C94-796A-49AC-8ECB-A178A904E11D}.Debug|iPhone.Deploy.0 = Debug|Any CPU
		{F2A69C94-796A-49AC-8ECB-A178A904E11D}.Debug|iPhoneSimulator.ActiveCfg = Debug|Any CPU
		{F2A69C94-796A-49AC-8ECB-A178A904E11D}.Debug|iPhoneSimulator.Build.0 = Debug|Any CPU
		{F2A69C94-796A-49AC-8ECB-A178A904E11D}.Debug|iPhoneSimulator.Deploy.0 = Debug|Any CPU
		{F2A69C94-796A-49AC-8ECB-A178A904E11D}.Debug|x64.ActiveCfg = Debug|x64
		{F2A69C94-796A-49AC-8ECB-A178A904E11D}.Debug|x64.Build.0 = Debug|x64
		{F2A69C94-796A-49AC-8ECB-A178A904E11D}.Debug|x64.Deploy.0 = Debug|x64
		{F2A69C94-796A-49AC-8ECB-A178A904E11D}.Debug|x86.ActiveCfg = Debug|x86
		{F2A69C94-796A-49AC-8ECB-A178A904E11D}.Debug|x86.Build.0 = Debug|x86
		{F2A69C94-796A-49AC-8ECB-A178A904E11D}.Debug|x86.Deploy.0 = Debug|x86
		{F2A69C94-796A-49AC-8ECB-A178A904E11D}.Release|Any CPU.ActiveCfg = Release|Any CPU
		{F2A69C94-796A-49AC-8ECB-A178A904E11D}.Release|Any CPU.Build.0 = Release|Any CPU
		{F2A69C94-796A-49AC-8ECB-A178A904E11D}.Release|Any CPU.Deploy.0 = Release|Any CPU
		{F2A69C94-796A-49AC-8ECB-A178A904E11D}.Release|ARM.ActiveCfg = Release|ARM
		{F2A69C94-796A-49AC-8ECB-A178A904E11D}.Release|ARM.Build.0 = Release|ARM
		{F2A69C94-796A-49AC-8ECB-A178A904E11D}.Release|ARM.Deploy.0 = Release|ARM
		{F2A69C94-796A-49AC-8ECB-A178A904E11D}.Release|iPhone.ActiveCfg = Release|Any CPU
		{F2A69C94-796A-49AC-8ECB-A178A904E11D}.Release|iPhone.Build.0 = Release|Any CPU
		{F2A69C94-796A-49AC-8ECB-A178A904E11D}.Release|iPhone.Deploy.0 = Release|Any CPU
		{F2A69C94-796A-49AC-8ECB-A178A904E11D}.Release|iPhoneSimulator.ActiveCfg = Release|Any CPU
		{F2A69C94-796A-49AC-8ECB-A178A904E11D}.Release|iPhoneSimulator.Build.0 = Release|Any CPU
		{F2A69C94-796A-49AC-8ECB-A178A904E11D}.Release|iPhoneSimulator.Deploy.0 = Release|Any CPU
		{F2A69C94-796A-49AC-8ECB-A178A904E11D}.Release|x64.ActiveCfg = Release|x64
		{F2A69C94-796A-49AC-8ECB-A178A904E11D}.Release|x64.Build.0 = Release|x64
		{F2A69C94-796A-49AC-8ECB-A178A904E11D}.Release|x64.Deploy.0 = Release|x64
		{F2A69C94-796A-49AC-8ECB-A178A904E11D}.Release|x86.ActiveCfg = Release|x86
		{F2A69C94-796A-49AC-8ECB-A178A904E11D}.Release|x86.Build.0 = Release|x86
		{F2A69C94-796A-49AC-8ECB-A178A904E11D}.Release|x86.Deploy.0 = Release|x86
	EndGlobalSection
	GlobalSection(SolutionProperties) = preSolution
		HideSolutionNode = FALSE
	EndGlobalSection
EndGlobal
